
Microsoft Visual Studio Solution File, Format Version 12.00
# Visual Studio Version 17
VisualStudioVersion = 17.8.34316.72
MinimumVisualStudioVersion = 10.0.40219.1
Project("{FAE04EC0-301F-11D3-BF4B-00C04F79EFBC}") = "Blotter_records", "Blotter_records\Blotter_records.csproj", "{18B4D9F4-E350-4E95-B4ED-59E4F2D1BF31}"
EndProject
Global
	GlobalSection(SolutionConfigurationPlatforms) = preSolution
		Debug|Any CPU = Debug|Any CPU
		Release|Any CPU = Release|Any CPU
	EndGlobalSection
	GlobalSection(ProjectConfigurationPlatforms) = postSolution
		{18B4D9F4-E350-4E95-B4ED-59E4F2D1BF31}.Debug|Any CPU.ActiveCfg = Debug|Any CPU
		{18B4D9F4-E350-4E95-B4ED-59E4F2D1BF31}.Debug|Any CPU.Build.0 = Debug|Any CPU
		{18B4D9F4-E350-4E95-B4ED-59E4F2D1BF31}.Release|Any CPU.ActiveCfg = Release|Any CPU
		{18B4D9F4-E350-4E95-B4ED-59E4F2D1BF31}.Release|Any CPU.Build.0 = Release|Any CPU
	EndGlobalSection
	GlobalSection(SolutionProperties) = preSolution
		HideSolutionNode = FALSE
	EndGlobalSection
	GlobalSection(ExtensibilityGlobals) = postSolution
		SolutionGuid = {C4D75A08-8839-445C-904A-4F0BF6BB490B}
	EndGlobalSection
EndGlobal
